// !$*UTF8*$!
{
	archiveVersion = 1;
	classes = {
	};
	objectVersion = 46;
	objects = {

/* Begin PBXBuildFile section */
		AE294D981FA9FDEB00FC0B3B /* main.cpp in Sources */ = {isa = PBXBuildFile; fileRef = AE294D971FA9FDEB00FC0B3B /* main.cpp */; };
/* End PBXBuildFile section */

/* Begin PBXCopyFilesBuildPhase section */
		AE294D921FA9FDEB00FC0B3B /* CopyFiles */ = {
			isa = PBXCopyFilesBuildPhase;
			buildActionMask = 2147483647;
			dstPath = /usr/share/man/man1/;
			dstSubfolderSpec = 0;
			files = (
			);
			runOnlyForDeploymentPostprocessing = 1;
		};
/* End PBXCopyFilesBuildPhase section */

/* Begin PBXFileReference section */
		AE294D941FA9FDEB00FC0B3B /* Tree Reconstruction */ = {isa = PBXFileReference; explicitFileType = "compiled.mach-o.executable"; includeInIndex = 0; path = "Tree Reconstruction"; sourceTree = BUILT_PRODUCTS_DIR; };
		AE294D971FA9FDEB00FC0B3B /* main.cpp */ = {isa = PBXFileReference; lastKnownFileType = sourcecode.cpp.cpp; path = main.cpp; sourceTree = "<group>"; };
/* End PBXFileReference section */

/* Begin PBXFrameworksBuildPhase section */
		AE294D911FA9FDEB00FC0B3B /* Frameworks */ = {
			isa = PBXFrameworksBuildPhase;
			buildActionMask = 2147483647;
			files = (
			);
			runOnlyForDeploymentPostprocessing = 0;
		};
/* End PBXFrameworksBuildPhase section */

/* Begin PBXGroup section */
		AE294D8B1FA9FDEB00FC0B3B = {
			isa = PBXGroup;
			children = (
				AE294D961FA9FDEB00FC0B3B /* Tree Reconstruction */,
				AE294D951FA9FDEB00FC0B3B /* Products */,
			);
			sourceTree = "<group>";
		};
		AE294D951FA9FDEB00FC0B3B /* Products */ = {
			isa = PBXGroup;
			children = (
				AE294D941FA9FDEB00FC0B3B /* Tree Reconstruction */,
			);
			name = Products;
			sourceTree = "<group>";
		};
		AE294D961FA9FDEB00FC0B3B /* Tree Reconstruction */ = {
			isa = PBXGroup;
			children = (
				AE294D971FA9FDEB00FC0B3B /* main.cpp */,
			);
			path = "Tree Reconstruction";
			sourceTree = "<group>";
		};
/* End PBXGroup section */

/* Begin PBXNativeTarget section */
		AE294D931FA9FDEB00FC0B3B /* Tree Reconstruction */ = {
			isa = PBXNativeTarget;
			buildConfigurationList = AE294D9B1FA9FDEB00FC0B3B /* Build configuration list for PBXNativeTarget "Tree Reconstruction" */;
			buildPhases = (
				AE294D901FA9FDEB00FC0B3B /* Sources */,
				AE294D911FA9FDEB00FC0B3B /* Frameworks */,
				AE294D921FA9FDEB00FC0B3B /* CopyFiles */,
			);
			buildRules = (
			);
			dependencies = (
			);
			name = "Tree Reconstruction";
			productName = "Tree Reconstruction";
			productReference = AE294D941FA9FDEB00FC0B3B /* Tree Reconstruction */;
			productType = "com.apple.product-type.tool";
		};
/* End PBXNativeTarget section */

/* Begin PBXProject section */
		AE294D8C1FA9FDEB00FC0B3B /* Project object */ = {
			isa = PBXProject;
			attributes = {
				LastUpgradeCheck = 0820;
				ORGANIZATIONNAME = "许国嵩";
				TargetAttributes = {
					AE294D931FA9FDEB00FC0B3B = {
						CreatedOnToolsVersion = 8.2.1;
						DevelopmentTeam = L765KA63JX;
						ProvisioningStyle = Automatic;
					};
				};
			};
			buildConfigurationList = AE294D8F1FA9FDEB00FC0B3B /* Build configuration list for PBXProject "Tree Reconstruction" */;
			compatibilityVersion = "Xcode 3.2";
			developmentRegion = English;
			hasScannedForEncodings = 0;
			knownRegions = (
				en,
			);
			mainGroup = AE294D8B1FA9FDEB00FC0B3B;
			productRefGroup = AE294D951FA9FDEB00FC0B3B /* Products */;
			projectDirPath = "";
			projectRoot = "";
			targets = (
				AE294D931FA9FDEB00FC0B3B /* Tree Reconstruction */,
			);
		};
/* End PBXProject section */

/* Begin PBXSourcesBuildPhase section */
		AE294D901FA9FDEB00FC0B3B /* Sources */ = {
			isa = PBXSourcesBuildPhase;
			buildActionMask = 2147483647;
			files = (
				AE294D981FA9FDEB00FC0B3B /* main.cpp in Sources */,
			);
			runOnlyForDeploymentPostprocessing = 0;
		};
/* End PBXSourcesBuildPhase section */

/* Begin XCBuildConfiguration section */
		AE294D991FA9FDEB00FC0B3B /* Debug */ = {
			isa = XCBuildConfiguration;
			buildSettings = {
				ALWAYS_SEARCH_USER_PATHS = NO;
				CLANG_ANALYZER_NONNULL = YES;
				CLANG_CXX_LANGUAGE_STANDARD = "gnu++0x";
				CLANG_CXX_LIBRARY = "libc++";
				CLANG_ENABLE_MODULES = YES;
				CLANG_ENABLE_OBJC_ARC = YES;
				CLANG_WARN_BOOL_CONVERSION = YES;
				CLANG_WARN_CONSTANT_CONVERSION = YES;
				CLANG_WARN_DIRECT_OBJC_ISA_USAGE = YES_ERROR;
				CLANG_WARN_DOCUMENTATION_COMMENTS = YES;
				CLANG_WARN_EMPTY_BODY = YES;
				CLANG_WARN_ENUM_CONVERSION = YES;
				CLANG_WARN_INFINITE_RECURSION = YES;
				CLANG_WARN_INT_CONVERSION = YES;
				CLANG_WARN_OBJC_ROOT_CLASS = YES_ERROR;
				CLANG_WARN_SUSPICIOUS_MOVE = YES;
				CLANG_WARN_UNREACHABLE_CODE = YES;
				CLANG_WARN__DUPLICATE_METHOD_MATCH = YES;
				CODE_SIGN_IDENTITY = "-";
				COPY_PHASE_STRIP = NO;
				DEBUG_INFORMATION_FORMAT = dwarf;
				ENABLE_STRICT_OBJC_MSGSEND = YES;
				ENABLE_TESTABILITY = YES;
				GCC_C_LANGUAGE_STANDARD = gnu99;
				GCC_DYNAMIC_NO_PIC = NO;
				GCC_NO_COMMON_BLOCKS = YES;
				GCC_OPTIMIZATION_LEVEL = 0;
				GCC_PREPROCESSOR_DEFINITIONS = (
					"DEBUG=1",
					"$(inherited)",
				);
				GCC_WARN_64_TO_32_BIT_CONVERSION = YES;
				GCC_WARN_ABOUT_RETURN_TYPE = YES_ERROR;
				GCC_WARN_UNDECLARED_SELECTOR = YES;
				GCC_WARN_UNINITIALIZED_AUTOS = YES_AGGRESSIVE;
				GCC_WARN_UNUSED_FUNCTION = YES;
				GCC_WARN_UNUSED_VARIABLE = YES;
				MACOSX_DEPLOYMENT_TARGET = 10.11;
				MTL_ENABLE_DEBUG_INFO = YES;
				ONLY_ACTIVE_ARCH = YES;
				SDKROOT = macosx;
			};
			name = Debug;
		};
		AE294D9A1FA9FDEB00FC0B3B /* Release */ = {
			isa = XCBuildConfiguration;
			buildSettings = {
				ALWAYS_SEARCH_USER_PATHS = NO;
				CLANG_ANALYZER_NONNULL = YES;
				CLANG_CXX_LANGUAGE_STANDARD = "gnu++0x";
				CLANG_CXX_LIBRARY = "libc++";
				CLANG_ENABLE_MODULES = YES;
				CLANG_ENABLE_OBJC_ARC = YES;
				CLANG_WARN_BOOL_CONVERSION = YES;
				CLANG_WARN_CONSTANT_CONVERSION = YES;
				CLANG_WARN_DIRECT_OBJC_ISA_USAGE = YES_ERROR;
				CLANG_WARN_DOCUMENTATION_COMMENTS = YES;
				CLANG_WARN_EMPTY_BODY = YES;
				CLANG_WARN_ENUM_CONVERSION = YES;
				CLANG_WARN_INFINITE_RECURSION = YES;
				CLANG_WARN_INT_CONVERSION = YES;
				CLANG_WARN_OBJC_ROOT_CLASS = YES_ERROR;
				CLANG_WARN_SUSPICIOUS_MOVE = YES;
				CLANG_WARN_UNREACHABLE_CODE = YES;
				CLANG_WARN__DUPLICATE_METHOD_MATCH = YES;
				CODE_SIGN_IDENTITY = "-";
				COPY_PHASE_STRIP = NO;
				DEBUG_INFORMATION_FORMAT = "dwarf-with-dsym";
				ENABLE_NS_ASSERTIONS = NO;
				ENABLE_STRICT_OBJC_MSGSEND = YES;
				GCC_C_LANGUAGE_STANDARD = gnu99;
				GCC_NO_COMMON_BLOCKS = YES;
				GCC_WARN_64_TO_32_BIT_CONVERSION = YES;
				GCC_WARN_ABOUT_RETURN_TYPE = YES_ERROR;
				GCC_WARN_UNDECLARED_SELECTOR = YES;
				GCC_WARN_UNINITIALIZED_AUTOS = YES_AGGRESSIVE;
				GCC_WARN_UNUSED_FUNCTION = YES;
				GCC_WARN_UNUSED_VARIABLE = YES;
				MACOSX_DEPLOYMENT_TARGET = 10.11;
				MTL_ENABLE_DEBUG_INFO = NO;
				SDKROOT = macosx;
			};
			name = Release;
		};
		AE294D9C1FA9FDEB00FC0B3B /* Debug */ = {
			isa = XCBuildConfiguration;
			buildSettings = {
				DEVELOPMENT_TEAM = L765KA63JX;
				PRODUCT_NAME = "$(TARGET_NAME)";
			};
			name = Debug;
		};
		AE294D9D1FA9FDEB00FC0B3B /* Release */ = {
			isa = XCBuildConfiguration;
			buildSettings = {
				DEVELOPMENT_TEAM = L765KA63JX;
				PRODUCT_NAME = "$(TARGET_NAME)";
			};
			name = Release;
		};
/* End XCBuildConfiguration section */

/* Begin XCConfigurationList section */
		AE294D8F1FA9FDEB00FC0B3B /* Build configuration list for PBXProject "Tree Reconstruction" */ = {
			isa = XCConfigurationList;
			buildConfigurations = (
				AE294D991FA9FDEB00FC0B3B /* Debug */,
				AE294D9A1FA9FDEB00FC0B3B /* Release */,
			);
			defaultConfigurationIsVisible = 0;
			defaultConfigurationName = Release;
		};
		AE294D9B1FA9FDEB00FC0B3B /* Build configuration list for PBXNativeTarget "Tree Reconstruction" */ = {
			isa = XCConfigurationList;
			buildConfigurations = (
				AE294D9C1FA9FDEB00FC0B3B /* Debug */,
				AE294D9D1FA9FDEB00FC0B3B /* Release */,
			);
			defaultConfigurationIsVisible = 0;
		};
/* End XCConfigurationList section */
	};
	rootObject = AE294D8C1FA9FDEB00FC0B3B /* Project object */;
}
