// !$*UTF8*$!
{
	archiveVersion = 1;
	classes = {
	};
	objectVersion = 46;
	objects = {

/* Begin PBXBuildFile section */
		AEFB8BAC1FE63DAB006C5F86 /* main.cpp in Sources */ = {isa = PBXBuildFile; fileRef = AEFB8BAB1FE63DAB006C5F86 /* main.cpp */; };
/* End PBXBuildFile section */

/* Begin PBXCopyFilesBuildPhase section */
		AEFB8BA61FE63DAB006C5F86 /* CopyFiles */ = {
			isa = PBXCopyFilesBuildPhase;
			buildActionMask = 2147483647;
			dstPath = /usr/share/man/man1/;
			dstSubfolderSpec = 0;
			files = (
			);
			runOnlyForDeploymentPostprocessing = 1;
		};
/* End PBXCopyFilesBuildPhase section */

/* Begin PBXFileReference section */
		AEFB8BA81FE63DAB006C5F86 /* Huffman Code */ = {isa = PBXFileReference; explicitFileType = "compiled.mach-o.executable"; includeInIndex = 0; path = "Huffman Code"; sourceTree = BUILT_PRODUCTS_DIR; };
		AEFB8BAB1FE63DAB006C5F86 /* main.cpp */ = {isa = PBXFileReference; lastKnownFileType = sourcecode.cpp.cpp; path = main.cpp; sourceTree = "<group>"; };
/* End PBXFileReference section */

/* Begin PBXFrameworksBuildPhase section */
		AEFB8BA51FE63DAB006C5F86 /* Frameworks */ = {
			isa = PBXFrameworksBuildPhase;
			buildActionMask = 2147483647;
			files = (
			);
			runOnlyForDeploymentPostprocessing = 0;
		};
/* End PBXFrameworksBuildPhase section */

/* Begin PBXGroup section */
		AEFB8B9F1FE63DAB006C5F86 = {
			isa = PBXGroup;
			children = (
				AEFB8BAA1FE63DAB006C5F86 /* Huffman Code */,
				AEFB8BA91FE63DAB006C5F86 /* Products */,
			);
			sourceTree = "<group>";
		};
		AEFB8BA91FE63DAB006C5F86 /* Products */ = {
			isa = PBXGroup;
			children = (
				AEFB8BA81FE63DAB006C5F86 /* Huffman Code */,
			);
			name = Products;
			sourceTree = "<group>";
		};
		AEFB8BAA1FE63DAB006C5F86 /* Huffman Code */ = {
			isa = PBXGroup;
			children = (
				AEFB8BAB1FE63DAB006C5F86 /* main.cpp */,
			);
			path = "Huffman Code";
			sourceTree = "<group>";
		};
/* End PBXGroup section */

/* Begin PBXNativeTarget section */
		AEFB8BA71FE63DAB006C5F86 /* Huffman Code */ = {
			isa = PBXNativeTarget;
			buildConfigurationList = AEFB8BAF1FE63DAB006C5F86 /* Build configuration list for PBXNativeTarget "Huffman Code" */;
			buildPhases = (
				AEFB8BA41FE63DAB006C5F86 /* Sources */,
				AEFB8BA51FE63DAB006C5F86 /* Frameworks */,
				AEFB8BA61FE63DAB006C5F86 /* CopyFiles */,
			);
			buildRules = (
			);
			dependencies = (
			);
			name = "Huffman Code";
			productName = "Huffman Code";
			productReference = AEFB8BA81FE63DAB006C5F86 /* Huffman Code */;
			productType = "com.apple.product-type.tool";
		};
/* End PBXNativeTarget section */

/* Begin PBXProject section */
		AEFB8BA01FE63DAB006C5F86 /* Project object */ = {
			isa = PBXProject;
			attributes = {
				LastUpgradeCheck = 0820;
				ORGANIZATIONNAME = "许国嵩";
				TargetAttributes = {
					AEFB8BA71FE63DAB006C5F86 = {
						CreatedOnToolsVersion = 8.2.1;
						DevelopmentTeam = L765KA63JX;
						ProvisioningStyle = Automatic;
					};
				};
			};
			buildConfigurationList = AEFB8BA31FE63DAB006C5F86 /* Build configuration list for PBXProject "Huffman Code" */;
			compatibilityVersion = "Xcode 3.2";
			developmentRegion = English;
			hasScannedForEncodings = 0;
			knownRegions = (
				en,
			);
			mainGroup = AEFB8B9F1FE63DAB006C5F86;
			productRefGroup = AEFB8BA91FE63DAB006C5F86 /* Products */;
			projectDirPath = "";
			projectRoot = "";
			targets = (
				AEFB8BA71FE63DAB006C5F86 /* Huffman Code */,
			);
		};
/* End PBXProject section */

/* Begin PBXSourcesBuildPhase section */
		AEFB8BA41FE63DAB006C5F86 /* Sources */ = {
			isa = PBXSourcesBuildPhase;
			buildActionMask = 2147483647;
			files = (
				AEFB8BAC1FE63DAB006C5F86 /* main.cpp in Sources */,
			);
			runOnlyForDeploymentPostprocessing = 0;
		};
/* End PBXSourcesBuildPhase section */

/* Begin XCBuildConfiguration section */
		AEFB8BAD1FE63DAB006C5F86 /* Debug */ = {
			isa = XCBuildConfiguration;
			buildSettings = {
				ALWAYS_SEARCH_USER_PATHS = NO;
				CLANG_ANALYZER_NONNULL = YES;
				CLANG_CXX_LANGUAGE_STANDARD = "gnu++0x";
				CLANG_CXX_LIBRARY = "libc++";
				CLANG_ENABLE_MODULES = YES;
				CLANG_ENABLE_OBJC_ARC = YES;
				CLANG_WARN_BOOL_CONVERSION = YES;
				CLANG_WARN_CONSTANT_CONVERSION = YES;
				CLANG_WARN_DIRECT_OBJC_ISA_USAGE = YES_ERROR;
				CLANG_WARN_DOCUMENTATION_COMMENTS = YES;
				CLANG_WARN_EMPTY_BODY = YES;
				CLANG_WARN_ENUM_CONVERSION = YES;
				CLANG_WARN_INFINITE_RECURSION = YES;
				CLANG_WARN_INT_CONVERSION = YES;
				CLANG_WARN_OBJC_ROOT_CLASS = YES_ERROR;
				CLANG_WARN_SUSPICIOUS_MOVE = YES;
				CLANG_WARN_UNREACHABLE_CODE = YES;
				CLANG_WARN__DUPLICATE_METHOD_MATCH = YES;
				CODE_SIGN_IDENTITY = "-";
				COPY_PHASE_STRIP = NO;
				DEBUG_INFORMATION_FORMAT = dwarf;
				ENABLE_STRICT_OBJC_MSGSEND = YES;
				ENABLE_TESTABILITY = YES;
				GCC_C_LANGUAGE_STANDARD = gnu99;
				GCC_DYNAMIC_NO_PIC = NO;
				GCC_NO_COMMON_BLOCKS = YES;
				GCC_OPTIMIZATION_LEVEL = 0;
				GCC_PREPROCESSOR_DEFINITIONS = (
					"DEBUG=1",
					"$(inherited)",
				);
				GCC_WARN_64_TO_32_BIT_CONVERSION = YES;
				GCC_WARN_ABOUT_RETURN_TYPE = YES_ERROR;
				GCC_WARN_UNDECLARED_SELECTOR = YES;
				GCC_WARN_UNINITIALIZED_AUTOS = YES_AGGRESSIVE;
				GCC_WARN_UNUSED_FUNCTION = YES;
				GCC_WARN_UNUSED_VARIABLE = YES;
				MACOSX_DEPLOYMENT_TARGET = 10.11;
				MTL_ENABLE_DEBUG_INFO = YES;
				ONLY_ACTIVE_ARCH = YES;
				SDKROOT = macosx;
			};
			name = Debug;
		};
		AEFB8BAE1FE63DAB006C5F86 /* Release */ = {
			isa = XCBuildConfiguration;
			buildSettings = {
				ALWAYS_SEARCH_USER_PATHS = NO;
				CLANG_ANALYZER_NONNULL = YES;
				CLANG_CXX_LANGUAGE_STANDARD = "gnu++0x";
				CLANG_CXX_LIBRARY = "libc++";
				CLANG_ENABLE_MODULES = YES;
				CLANG_ENABLE_OBJC_ARC = YES;
				CLANG_WARN_BOOL_CONVERSION = YES;
				CLANG_WARN_CONSTANT_CONVERSION = YES;
				CLANG_WARN_DIRECT_OBJC_ISA_USAGE = YES_ERROR;
				CLANG_WARN_DOCUMENTATION_COMMENTS = YES;
				CLANG_WARN_EMPTY_BODY = YES;
				CLANG_WARN_ENUM_CONVERSION = YES;
				CLANG_WARN_INFINITE_RECURSION = YES;
				CLANG_WARN_INT_CONVERSION = YES;
				CLANG_WARN_OBJC_ROOT_CLASS = YES_ERROR;
				CLANG_WARN_SUSPICIOUS_MOVE = YES;
				CLANG_WARN_UNREACHABLE_CODE = YES;
				CLANG_WARN__DUPLICATE_METHOD_MATCH = YES;
				CODE_SIGN_IDENTITY = "-";
				COPY_PHASE_STRIP = NO;
				DEBUG_INFORMATION_FORMAT = "dwarf-with-dsym";
				ENABLE_NS_ASSERTIONS = NO;
				ENABLE_STRICT_OBJC_MSGSEND = YES;
				GCC_C_LANGUAGE_STANDARD = gnu99;
				GCC_NO_COMMON_BLOCKS = YES;
				GCC_WARN_64_TO_32_BIT_CONVERSION = YES;
				GCC_WARN_ABOUT_RETURN_TYPE = YES_ERROR;
				GCC_WARN_UNDECLARED_SELECTOR = YES;
				GCC_WARN_UNINITIALIZED_AUTOS = YES_AGGRESSIVE;
				GCC_WARN_UNUSED_FUNCTION = YES;
				GCC_WARN_UNUSED_VARIABLE = YES;
				MACOSX_DEPLOYMENT_TARGET = 10.11;
				MTL_ENABLE_DEBUG_INFO = NO;
				SDKROOT = macosx;
			};
			name = Release;
		};
		AEFB8BB01FE63DAB006C5F86 /* Debug */ = {
			isa = XCBuildConfiguration;
			buildSettings = {
				DEVELOPMENT_TEAM = L765KA63JX;
				PRODUCT_NAME = "$(TARGET_NAME)";
			};
			name = Debug;
		};
		AEFB8BB11FE63DAB006C5F86 /* Release */ = {
			isa = XCBuildConfiguration;
			buildSettings = {
				DEVELOPMENT_TEAM = L765KA63JX;
				PRODUCT_NAME = "$(TARGET_NAME)";
			};
			name = Release;
		};
/* End XCBuildConfiguration section */

/* Begin XCConfigurationList section */
		AEFB8BA31FE63DAB006C5F86 /* Build configuration list for PBXProject "Huffman Code" */ = {
			isa = XCConfigurationList;
			buildConfigurations = (
				AEFB8BAD1FE63DAB006C5F86 /* Debug */,
				AEFB8BAE1FE63DAB006C5F86 /* Release */,
			);
			defaultConfigurationIsVisible = 0;
			defaultConfigurationName = Release;
		};
		AEFB8BAF1FE63DAB006C5F86 /* Build configuration list for PBXNativeTarget "Huffman Code" */ = {
			isa = XCConfigurationList;
			buildConfigurations = (
				AEFB8BB01FE63DAB006C5F86 /* Debug */,
				AEFB8BB11FE63DAB006C5F86 /* Release */,
			);
			defaultConfigurationIsVisible = 0;
		};
/* End XCConfigurationList section */
	};
	rootObject = AEFB8BA01FE63DAB006C5F86 /* Project object */;
}
